{
  "name": "glassmorphism-ui-designcard",
  "lockfileVersion": 2,
  "requires": true,
  "packages": {
    "": {
      "dependencies": {
        "vanilla-tilt": "^1.7.3"
      }
    },
    "node_modules/vanilla-tilt": {
      "version": "1.7.3",
      "resolved": "https://registry.npmjs.org/vanilla-tilt/-/vanilla-tilt-1.7.3.tgz",
      "integrity": "sha512-tdNVZ1JyDNsByplVCS1H3/i/zcGOIrFW5BQp7u9SyXKjNypZw7s89x+GA8kOhUxWOggF4A1E9N55jEF0ttpLjw=="
    }
  },
  "dependencies": {
    "vanilla-tilt": {
      "version": "1.7.3",
      "resolved": "https://registry.npmjs.org/vanilla-tilt/-/vanilla-tilt-1.7.3.tgz",
      "integrity": "sha512-tdNVZ1JyDNsByplVCS1H3/i/zcGOIrFW5BQp7u9SyXKjNypZw7s89x+GA8kOhUxWOggF4A1E9N55jEF0ttpLjw=="
    }
  }
}
